{
  "name": "abacus-cf-bridge",
  "version": "0.0.6-dev.9",
  "dependencies": {
    "abacus-batch": {
      "version": "0.0.6-dev.9",
      "from": "../../../../lib/utils/batch",
      "resolved": "file:../../../../lib/utils/batch"
    },
    "abacus-cfpack": {
      "version": "0.0.6-dev.9",
      "from": "../../../../tools/cfpack",
      "resolved": "file:../../../../tools/cfpack",
      "dev": true
    },
    "abacus-cfpush": {
      "version": "0.0.6-dev.9",
      "from": "../../../../tools/cfpush",
      "resolved": "file:../../../../tools/cfpush",
      "dev": true
    },
    "abacus-eslint": {
      "version": "0.0.6-dev.9",
      "from": "../../../../tools/eslint",
      "resolved": "file:../../../../tools/eslint",
      "dev": true,
      "dependencies": {
        "eslint": {
          "version": "3.19.0",
          "from": "eslint@>=3.13.1 <4.0.0",
          "resolved": "https://registry.npmjs.org/eslint/-/eslint-3.19.0.tgz",
          "dev": true,
          "dependencies": {
            "optionator": {
              "version": "0.8.2",
              "from": "optionator@>=0.8.2 <0.9.0",
              "resolved": "https://registry.npmjs.org/optionator/-/optionator-0.8.2.tgz",
              "dev": true
            }
          }
        }
      }
    },
    "underscore": {
      "version": "1.8.3",
      "from": "underscore@>=1.8.3 <2.0.0",
      "resolved": "https://registry.npmjs.org/underscore/-/underscore-1.8.3.tgz"
    }
  }
}
